// !$*UTF8*$!
{
	archiveVersion = 1;
	classes = {
	};
	objectVersion = 77;
	objects = {

/* Begin PBXContainerItemProxy section */
		DFA856DF2CC94E3800269EE8 /* PBXContainerItemProxy */ = {
			isa = PBXContainerItemProxy;
			containerPortal = DFA856C12CC94E3600269EE8 /* Project object */;
			proxyType = 1;
			remoteGlobalIDString = DFA856C82CC94E3600269EE8;
			remoteInfo = travelbuddy;
		};
		DFA856E92CC94E3800269EE8 /* PBXContainerItemProxy */ = {
			isa = PBXContainerItemProxy;
			containerPortal = DFA856C12CC94E3600269EE8 /* Project object */;
			proxyType = 1;
			remoteGlobalIDString = DFA856C82CC94E3600269EE8;
			remoteInfo = travelbuddy;
		};
/* End PBXContainerItemProxy section */

/* Begin PBXFileReference section */
		DFA856C92CC94E3600269EE8 /* travelbuddy.app */ = {isa = PBXFileReference; explicitFileType = wrapper.application; includeInIndex = 0; path = travelbuddy.app; sourceTree = BUILT_PRODUCTS_DIR; };
		DFA856DE2CC94E3800269EE8 /* travelbuddyTests.xctest */ = {isa = PBXFileReference; explicitFileType = wrapper.cfbundle; includeInIndex = 0; path = travelbuddyTests.xctest; sourceTree = BUILT_PRODUCTS_DIR; };
		DFA856E82CC94E3800269EE8 /* travelbuddyUITests.xctest */ = {isa = PBXFileReference; explicitFileType = wrapper.cfbundle; includeInIndex = 0; path = travelbuddyUITests.xctest; sourceTree = BUILT_PRODUCTS_DIR; };
/* End PBXFileReference section */

/* Begin PBXFileSystemSynchronizedBuildFileExceptionSet section */
		DFAEA43D2CCFC4E000F154B8 /* Exceptions for "travelbuddy" folder in "travelbuddy" target */ = {
			isa = PBXFileSystemSynchronizedBuildFileExceptionSet;
			platformFiltersByRelativePath = {
				View/EntryView.swift = (ios, );
			};
			target = DFA856C82CC94E3600269EE8 /* travelbuddy */;
		};
/* End PBXFileSystemSynchronizedBuildFileExceptionSet section */

/* Begin PBXFileSystemSynchronizedRootGroup section */
		DFA856CB2CC94E3600269EE8 /* travelbuddy */ = {
			isa = PBXFileSystemSynchronizedRootGroup;
			exceptions = (
				DFAEA43D2CCFC4E000F154B8 /* Exceptions for "travelbuddy" folder in "travelbuddy" target */,
			);
			path = travelbuddy;
			sourceTree = "<group>";
		};
		DFA856E12CC94E3800269EE8 /* travelbuddyTests */ = {
			isa = PBXFileSystemSynchronizedRootGroup;
			path = travelbuddyTests;
			sourceTree = "<group>";
		};
		DFA856EB2CC94E3800269EE8 /* travelbuddyUITests */ = {
			isa = PBXFileSystemSynchronizedRootGroup;
			path = travelbuddyUITests;
			sourceTree = "<group>";
		};
/* End PBXFileSystemSynchronizedRootGroup section */

/* Begin PBXFrameworksBuildPhase section */
		DFA856C62CC94E3600269EE8 /* Frameworks */ = {
			isa = PBXFrameworksBuildPhase;
			buildActionMask = 2147483647;
			files = (
			);
			runOnlyForDeploymentPostprocessing = 0;
		};
		DFA856DB2CC94E3800269EE8 /* Frameworks */ = {
			isa = PBXFrameworksBuildPhase;
			buildActionMask = 2147483647;
			files = (
			);
			runOnlyForDeploymentPostprocessing = 0;
		};
		DFA856E52CC94E3800269EE8 /* Frameworks */ = {
			isa = PBXFrameworksBuildPhase;
			buildActionMask = 2147483647;
			files = (
			);
			runOnlyForDeploymentPostprocessing = 0;
		};
/* End PBXFrameworksBuildPhase section */

/* Begin PBXGroup section */
		DFA856C02CC94E3600269EE8 = {
			isa = PBXGroup;
			children = (
				DFA856CB2CC94E3600269EE8 /* travelbuddy */,
				DFA856E12CC94E3800269EE8 /* travelbuddyTests */,
				DFA856EB2CC94E3800269EE8 /* travelbuddyUITests */,
				DFA856CA2CC94E3600269EE8 /* Products */,
			);
			sourceTree = "<group>";
		};
		DFA856CA2CC94E3600269EE8 /* Products */ = {
			isa = PBXGroup;
			children = (
				DFA856C92CC94E3600269EE8 /* travelbuddy.app */,
				DFA856DE2CC94E3800269EE8 /* travelbuddyTests.xctest */,
				DFA856E82CC94E3800269EE8 /* travelbuddyUITests.xctest */,
			);
			name = Products;
			sourceTree = "<group>";
		};
/* End PBXGroup section */

/* Begin PBXNativeTarget section */
		DFA856C82CC94E3600269EE8 /* travelbuddy */ = {
			isa = PBXNativeTarget;
			buildConfigurationList = DFA856F22CC94E3800269EE8 /* Build configuration list for PBXNativeTarget "travelbuddy" */;
			buildPhases = (
				DFA856C52CC94E3600269EE8 /* Sources */,
				DFA856C62CC94E3600269EE8 /* Frameworks */,
				DFA856C72CC94E3600269EE8 /* Resources */,
			);
			buildRules = (
			);
			dependencies = (
			);
			fileSystemSynchronizedGroups = (
				DFA856CB2CC94E3600269EE8 /* travelbuddy */,
			);
			name = travelbuddy;
			packageProductDependencies = (
			);
			productName = travelbuddy;
			productReference = DFA856C92CC94E3600269EE8 /* travelbuddy.app */;
			productType = "com.apple.product-type.application";
		};
		DFA856DD2CC94E3800269EE8 /* travelbuddyTests */ = {
			isa = PBXNativeTarget;
			buildConfigurationList = DFA856F52CC94E3800269EE8 /* Build configuration list for PBXNativeTarget "travelbuddyTests" */;
			buildPhases = (
				DFA856DA2CC94E3800269EE8 /* Sources */,
				DFA856DB2CC94E3800269EE8 /* Frameworks */,
				DFA856DC2CC94E3800269EE8 /* Resources */,
			);
			buildRules = (
			);
			dependencies = (
				DFA856E02CC94E3800269EE8 /* PBXTargetDependency */,
			);
			fileSystemSynchronizedGroups = (
				DFA856E12CC94E3800269EE8 /* travelbuddyTests */,
			);
			name = travelbuddyTests;
			packageProductDependencies = (
			);
			productName = travelbuddyTests;
			productReference = DFA856DE2CC94E3800269EE8 /* travelbuddyTests.xctest */;
			productType = "com.apple.product-type.bundle.unit-test";
		};
		DFA856E72CC94E3800269EE8 /* travelbuddyUITests */ = {
			isa = PBXNativeTarget;
			buildConfigurationList = DFA856F82CC94E3800269EE8 /* Build configuration list for PBXNativeTarget "travelbuddyUITests" */;
			buildPhases = (
				DFA856E42CC94E3800269EE8 /* Sources */,
				DFA856E52CC94E3800269EE8 /* Frameworks */,
				DFA856E62CC94E3800269EE8 /* Resources */,
			);
			buildRules = (
			);
			dependencies = (
				DFA856EA2CC94E3800269EE8 /* PBXTargetDependency */,
			);
			fileSystemSynchronizedGroups = (
				DFA856EB2CC94E3800269EE8 /* travelbuddyUITests */,
			);
			name = travelbuddyUITests;
			packageProductDependencies = (
			);
			productName = travelbuddyUITests;
			productReference = DFA856E82CC94E3800269EE8 /* travelbuddyUITests.xctest */;
			productType = "com.apple.product-type.bundle.ui-testing";
		};
/* End PBXNativeTarget section */

/* Begin PBXProject section */
		DFA856C12CC94E3600269EE8 /* Project object */ = {
			isa = PBXProject;
			attributes = {
				BuildIndependentTargetsInParallel = 1;
				LastSwiftUpdateCheck = 1600;
				LastUpgradeCheck = 1600;
				TargetAttributes = {
					DFA856C82CC94E3600269EE8 = {
						CreatedOnToolsVersion = 16.0;
					};
					DFA856DD2CC94E3800269EE8 = {
						CreatedOnToolsVersion = 16.0;
						TestTargetID = DFA856C82CC94E3600269EE8;
					};
					DFA856E72CC94E3800269EE8 = {
						CreatedOnToolsVersion = 16.0;
						TestTargetID = DFA856C82CC94E3600269EE8;
					};
				};
			};
			buildConfigurationList = DFA856C42CC94E3600269EE8 /* Build configuration list for PBXProject "travelbuddy" */;
			developmentRegion = en;
			hasScannedForEncodings = 0;
			knownRegions = (
				en,
				Base,
			);
			mainGroup = DFA856C02CC94E3600269EE8;
			minimizedProjectReferenceProxies = 1;
			preferredProjectObjectVersion = 77;
			productRefGroup = DFA856CA2CC94E3600269EE8 /* Products */;
			projectDirPath = "";
			projectRoot = "";
			targets = (
				DFA856C82CC94E3600269EE8 /* travelbuddy */,
				DFA856DD2CC94E3800269EE8 /* travelbuddyTests */,
				DFA856E72CC94E3800269EE8 /* travelbuddyUITests */,
			);
		};
/* End PBXProject section */

/* Begin PBXResourcesBuildPhase section */
		DFA856C72CC94E3600269EE8 /* Resources */ = {
			isa = PBXResourcesBuildPhase;
			buildActionMask = 2147483647;
			files = (
			);
			runOnlyForDeploymentPostprocessing = 0;
		};
		DFA856DC2CC94E3800269EE8 /* Resources */ = {
			isa = PBXResourcesBuildPhase;
			buildActionMask = 2147483647;
			files = (
			);
			runOnlyForDeploymentPostprocessing = 0;
		};
		DFA856E62CC94E3800269EE8 /* Resources */ = {
			isa = PBXResourcesBuildPhase;
			buildActionMask = 2147483647;
			files = (
			);
			runOnlyForDeploymentPostprocessing = 0;
		};
/* End PBXResourcesBuildPhase section */

/* Begin PBXSourcesBuildPhase section */
		DFA856C52CC94E3600269EE8 /* Sources */ = {
			isa = PBXSourcesBuildPhase;
			buildActionMask = 2147483647;
			files = (
			);
			runOnlyForDeploymentPostprocessing = 0;
		};
		DFA856DA2CC94E3800269EE8 /* Sources */ = {
			isa = PBXSourcesBuildPhase;
			buildActionMask = 2147483647;
			files = (
			);
			runOnlyForDeploymentPostprocessing = 0;
		};
		DFA856E42CC94E3800269EE8 /* Sources */ = {
			isa = PBXSourcesBuildPhase;
			buildActionMask = 2147483647;
			files = (
			);
			runOnlyForDeploymentPostprocessing = 0;
		};
/* End PBXSourcesBuildPhase section */

/* Begin PBXTargetDependency section */
		DFA856E02CC94E3800269EE8 /* PBXTargetDependency */ = {
			isa = PBXTargetDependency;
			target = DFA856C82CC94E3600269EE8 /* travelbuddy */;
			targetProxy = DFA856DF2CC94E3800269EE8 /* PBXContainerItemProxy */;
		};
		DFA856EA2CC94E3800269EE8 /* PBXTargetDependency */ = {
			isa = PBXTargetDependency;
			target = DFA856C82CC94E3600269EE8 /* travelbuddy */;
			targetProxy = DFA856E92CC94E3800269EE8 /* PBXContainerItemProxy */;
		};
/* End PBXTargetDependency section */

/* Begin XCBuildConfiguration section */
		DFA856F02CC94E3800269EE8 /* Debug */ = {
			isa = XCBuildConfiguration;
			buildSettings = {
				ALWAYS_SEARCH_USER_PATHS = NO;
				ASSETCATALOG_COMPILER_GENERATE_SWIFT_ASSET_SYMBOL_EXTENSIONS = YES;
				CLANG_ANALYZER_NONNULL = YES;
				CLANG_ANALYZER_NUMBER_OBJECT_CONVERSION = YES_AGGRESSIVE;
				CLANG_CXX_LANGUAGE_STANDARD = "gnu++20";
				CLANG_ENABLE_MODULES = YES;
				CLANG_ENABLE_OBJC_ARC = YES;
				CLANG_ENABLE_OBJC_WEAK = YES;
				CLANG_WARN_BLOCK_CAPTURE_AUTORELEASING = YES;
				CLANG_WARN_BOOL_CONVERSION = YES;
				CLANG_WARN_COMMA = YES;
				CLANG_WARN_CONSTANT_CONVERSION = YES;
				CLANG_WARN_DEPRECATED_OBJC_IMPLEMENTATIONS = YES;
				CLANG_WARN_DIRECT_OBJC_ISA_USAGE = YES_ERROR;
				CLANG_WARN_DOCUMENTATION_COMMENTS = YES;
				CLANG_WARN_EMPTY_BODY = YES;
				CLANG_WARN_ENUM_CONVERSION = YES;
				CLANG_WARN_INFINITE_RECURSION = YES;
				CLANG_WARN_INT_CONVERSION = YES;
				CLANG_WARN_NON_LITERAL_NULL_CONVERSION = YES;
				CLANG_WARN_OBJC_IMPLICIT_RETAIN_SELF = YES;
				CLANG_WARN_OBJC_LITERAL_CONVERSION = YES;
				CLANG_WARN_OBJC_ROOT_CLASS = YES_ERROR;
				CLANG_WARN_QUOTED_INCLUDE_IN_FRAMEWORK_HEADER = YES;
				CLANG_WARN_RANGE_LOOP_ANALYSIS = YES;
				CLANG_WARN_STRICT_PROTOTYPES = YES;
				CLANG_WARN_SUSPICIOUS_MOVE = YES;
				CLANG_WARN_UNGUARDED_AVAILABILITY = YES_AGGRESSIVE;
				CLANG_WARN_UNREACHABLE_CODE = YES;
				CLANG_WARN__DUPLICATE_METHOD_MATCH = YES;
				COPY_PHASE_STRIP = NO;
				DEBUG_INFORMATION_FORMAT = dwarf;
				ENABLE_STRICT_OBJC_MSGSEND = YES;
				ENABLE_TESTABILITY = YES;
				ENABLE_USER_SCRIPT_SANDBOXING = YES;
				GCC_C_LANGUAGE_STANDARD = gnu17;
				GCC_DYNAMIC_NO_PIC = NO;
				GCC_NO_COMMON_BLOCKS = YES;
				GCC_OPTIMIZATION_LEVEL = 0;
				GCC_PREPROCESSOR_DEFINITIONS = (
					"DEBUG=1",
					"$(inherited)",
				);
				GCC_WARN_64_TO_32_BIT_CONVERSION = YES;
				GCC_WARN_ABOUT_RETURN_TYPE = YES_ERROR;
				GCC_WARN_UNDECLARED_SELECTOR = YES;
				GCC_WARN_UNINITIALIZED_AUTOS = YES_AGGRESSIVE;
				GCC_WARN_UNUSED_FUNCTION = YES;
				GCC_WARN_UNUSED_VARIABLE = YES;
				IPHONEOS_DEPLOYMENT_TARGET = 18.0;
				LOCALIZATION_PREFERS_STRING_CATALOGS = YES;
				MTL_ENABLE_DEBUG_INFO = INCLUDE_SOURCE;
				MTL_FAST_MATH = YES;
				ONLY_ACTIVE_ARCH = YES;
				SDKROOT = iphoneos;
				SWIFT_ACTIVE_COMPILATION_CONDITIONS = "DEBUG $(inherited)";
				SWIFT_OPTIMIZATION_LEVEL = "-Onone";
			};
			name = Debug;
		};
		DFA856F12CC94E3800269EE8 /* Release */ = {
			isa = XCBuildConfiguration;
			buildSettings = {
				ALWAYS_SEARCH_USER_PATHS = NO;
				ASSETCATALOG_COMPILER_GENERATE_SWIFT_ASSET_SYMBOL_EXTENSIONS = YES;
				CLANG_ANALYZER_NONNULL = YES;
				CLANG_ANALYZER_NUMBER_OBJECT_CONVERSION = YES_AGGRESSIVE;
				CLANG_CXX_LANGUAGE_STANDARD = "gnu++20";
				CLANG_ENABLE_MODULES = YES;
				CLANG_ENABLE_OBJC_ARC = YES;
				CLANG_ENABLE_OBJC_WEAK = YES;
				CLANG_WARN_BLOCK_CAPTURE_AUTORELEASING = YES;
				CLANG_WARN_BOOL_CONVERSION = YES;
				CLANG_WARN_COMMA = YES;
				CLANG_WARN_CONSTANT_CONVERSION = YES;
				CLANG_WARN_DEPRECATED_OBJC_IMPLEMENTATIONS = YES;
				CLANG_WARN_DIRECT_OBJC_ISA_USAGE = YES_ERROR;
				CLANG_WARN_DOCUMENTATION_COMMENTS = YES;
				CLANG_WARN_EMPTY_BODY = YES;
				CLANG_WARN_ENUM_CONVERSION = YES;
				CLANG_WARN_INFINITE_RECURSION = YES;
				CLANG_WARN_INT_CONVERSION = YES;
				CLANG_WARN_NON_LITERAL_NULL_CONVERSION = YES;
				CLANG_WARN_OBJC_IMPLICIT_RETAIN_SELF = YES;
				CLANG_WARN_OBJC_LITERAL_CONVERSION = YES;
				CLANG_WARN_OBJC_ROOT_CLASS = YES_ERROR;
				CLANG_WARN_QUOTED_INCLUDE_IN_FRAMEWORK_HEADER = YES;
				CLANG_WARN_RANGE_LOOP_ANALYSIS = YES;
				CLANG_WARN_STRICT_PROTOTYPES = YES;
				CLANG_WARN_SUSPICIOUS_MOVE = YES;
				CLANG_WARN_UNGUARDED_AVAILABILITY = YES_AGGRESSIVE;
				CLANG_WARN_UNREACHABLE_CODE = YES;
				CLANG_WARN__DUPLICATE_METHOD_MATCH = YES;
				COPY_PHASE_STRIP = NO;
				DEBUG_INFORMATION_FORMAT = "dwarf-with-dsym";
				ENABLE_NS_ASSERTIONS = NO;
				ENABLE_STRICT_OBJC_MSGSEND = YES;
				ENABLE_USER_SCRIPT_SANDBOXING = YES;
				GCC_C_LANGUAGE_STANDARD = gnu17;
				GCC_NO_COMMON_BLOCKS = YES;
				GCC_WARN_64_TO_32_BIT_CONVERSION = YES;
				GCC_WARN_ABOUT_RETURN_TYPE = YES_ERROR;
				GCC_WARN_UNDECLARED_SELECTOR = YES;
				GCC_WARN_UNINITIALIZED_AUTOS = YES_AGGRESSIVE;
				GCC_WARN_UNUSED_FUNCTION = YES;
				GCC_WARN_UNUSED_VARIABLE = YES;
				IPHONEOS_DEPLOYMENT_TARGET = 18.0;
				LOCALIZATION_PREFERS_STRING_CATALOGS = YES;
				MTL_ENABLE_DEBUG_INFO = NO;
				MTL_FAST_MATH = YES;
				SDKROOT = iphoneos;
				SWIFT_COMPILATION_MODE = wholemodule;
				VALIDATE_PRODUCT = YES;
			};
			name = Release;
		};
		DFA856F32CC94E3800269EE8 /* Debug */ = {
			isa = XCBuildConfiguration;
			buildSettings = {
				ASSETCATALOG_COMPILER_APPICON_NAME = AppIcon;
				ASSETCATALOG_COMPILER_GLOBAL_ACCENT_COLOR_NAME = AccentColor;
				CODE_SIGN_STYLE = Automatic;
				CURRENT_PROJECT_VERSION = 1;
				DEVELOPMENT_ASSET_PATHS = "\"travelbuddy/Preview Content\"";
				DEVELOPMENT_TEAM = B869V24577;
				ENABLE_PREVIEWS = YES;
				GENERATE_INFOPLIST_FILE = YES;
				INFOPLIST_KEY_UIApplicationSceneManifest_Generation = YES;
				INFOPLIST_KEY_UIApplicationSupportsIndirectInputEvents = YES;
				INFOPLIST_KEY_UILaunchScreen_Generation = YES;
				INFOPLIST_KEY_UISupportedInterfaceOrientations_iPad = "UIInterfaceOrientationPortrait UIInterfaceOrientationPortraitUpsideDown UIInterfaceOrientationLandscapeLeft UIInterfaceOrientationLandscapeRight";
				INFOPLIST_KEY_UISupportedInterfaceOrientations_iPhone = "UIInterfaceOrientationPortrait UIInterfaceOrientationLandscapeLeft UIInterfaceOrientationLandscapeRight";
				LD_RUNPATH_SEARCH_PATHS = (
					"$(inherited)",
					"@executable_path/Frameworks",
				);
				MARKETING_VERSION = 1.0;
				PRODUCT_BUNDLE_IDENTIFIER = com.imseokhyeon.travelbuddy;
				PRODUCT_NAME = "$(TARGET_NAME)";
				SWIFT_EMIT_LOC_STRINGS = YES;
				SWIFT_VERSION = 5.0;
				TARGETED_DEVICE_FAMILY = "1,2";
			};
			name = Debug;
		};
		DFA856F42CC94E3800269EE8 /* Release */ = {
			isa = XCBuildConfiguration;
			buildSettings = {
				ASSETCATALOG_COMPILER_APPICON_NAME = AppIcon;
				ASSETCATALOG_COMPILER_GLOBAL_ACCENT_COLOR_NAME = AccentColor;
				CODE_SIGN_STYLE = Automatic;
				CURRENT_PROJECT_VERSION = 1;
				DEVELOPMENT_ASSET_PATHS = "\"travelbuddy/Preview Content\"";
				DEVELOPMENT_TEAM = B869V24577;
				ENABLE_PREVIEWS = YES;
				GENERATE_INFOPLIST_FILE = YES;
				INFOPLIST_KEY_UIApplicationSceneManifest_Generation = YES;
				INFOPLIST_KEY_UIApplicationSupportsIndirectInputEvents = YES;
				INFOPLIST_KEY_UILaunchScreen_Generation = YES;
				INFOPLIST_KEY_UISupportedInterfaceOrientations_iPad = "UIInterfaceOrientationPortrait UIInterfaceOrientationPortraitUpsideDown UIInterfaceOrientationLandscapeLeft UIInterfaceOrientationLandscapeRight";
				INFOPLIST_KEY_UISupportedInterfaceOrientations_iPhone = "UIInterfaceOrientationPortrait UIInterfaceOrientationLandscapeLeft UIInterfaceOrientationLandscapeRight";
				LD_RUNPATH_SEARCH_PATHS = (
					"$(inherited)",
					"@executable_path/Frameworks",
				);
				MARKETING_VERSION = 1.0;
				PRODUCT_BUNDLE_IDENTIFIER = com.imseokhyeon.travelbuddy;
				PRODUCT_NAME = "$(TARGET_NAME)";
				SWIFT_EMIT_LOC_STRINGS = YES;
				SWIFT_VERSION = 5.0;
				TARGETED_DEVICE_FAMILY = "1,2";
			};
			name = Release;
		};
		DFA856F62CC94E3800269EE8 /* Debug */ = {
			isa = XCBuildConfiguration;
			buildSettings = {
				BUNDLE_LOADER = "$(TEST_HOST)";
				CODE_SIGN_STYLE = Automatic;
				CURRENT_PROJECT_VERSION = 1;
				DEVELOPMENT_TEAM = B869V24577;
				GENERATE_INFOPLIST_FILE = YES;
				IPHONEOS_DEPLOYMENT_TARGET = 18.0;
				MARKETING_VERSION = 1.0;
				PRODUCT_BUNDLE_IDENTIFIER = com.imseokhyeon.travelbuddyTests;
				PRODUCT_NAME = "$(TARGET_NAME)";
				SWIFT_EMIT_LOC_STRINGS = NO;
				SWIFT_VERSION = 5.0;
				TARGETED_DEVICE_FAMILY = "1,2";
				TEST_HOST = "$(BUILT_PRODUCTS_DIR)/travelbuddy.app/$(BUNDLE_EXECUTABLE_FOLDER_PATH)/travelbuddy";
			};
			name = Debug;
		};
		DFA856F72CC94E3800269EE8 /* Release */ = {
			isa = XCBuildConfiguration;
			buildSettings = {
				BUNDLE_LOADER = "$(TEST_HOST)";
				CODE_SIGN_STYLE = Automatic;
				CURRENT_PROJECT_VERSION = 1;
				DEVELOPMENT_TEAM = B869V24577;
				GENERATE_INFOPLIST_FILE = YES;
				IPHONEOS_DEPLOYMENT_TARGET = 18.0;
				MARKETING_VERSION = 1.0;
				PRODUCT_BUNDLE_IDENTIFIER = com.imseokhyeon.travelbuddyTests;
				PRODUCT_NAME = "$(TARGET_NAME)";
				SWIFT_EMIT_LOC_STRINGS = NO;
				SWIFT_VERSION = 5.0;
				TARGETED_DEVICE_FAMILY = "1,2";
				TEST_HOST = "$(BUILT_PRODUCTS_DIR)/travelbuddy.app/$(BUNDLE_EXECUTABLE_FOLDER_PATH)/travelbuddy";
			};
			name = Release;
		};
		DFA856F92CC94E3800269EE8 /* Debug */ = {
			isa = XCBuildConfiguration;
			buildSettings = {
				CODE_SIGN_STYLE = Automatic;
				CURRENT_PROJECT_VERSION = 1;
				DEVELOPMENT_TEAM = B869V24577;
				GENERATE_INFOPLIST_FILE = YES;
				MARKETING_VERSION = 1.0;
				PRODUCT_BUNDLE_IDENTIFIER = com.imseokhyeon.travelbuddyUITests;
				PRODUCT_NAME = "$(TARGET_NAME)";
				SWIFT_EMIT_LOC_STRINGS = NO;
				SWIFT_VERSION = 5.0;
				TARGETED_DEVICE_FAMILY = "1,2";
				TEST_TARGET_NAME = travelbuddy;
			};
			name = Debug;
		};
		DFA856FA2CC94E3800269EE8 /* Release */ = {
			isa = XCBuildConfiguration;
			buildSettings = {
				CODE_SIGN_STYLE = Automatic;
				CURRENT_PROJECT_VERSION = 1;
				DEVELOPMENT_TEAM = B869V24577;
				GENERATE_INFOPLIST_FILE = YES;
				MARKETING_VERSION = 1.0;
				PRODUCT_BUNDLE_IDENTIFIER = com.imseokhyeon.travelbuddyUITests;
				PRODUCT_NAME = "$(TARGET_NAME)";
				SWIFT_EMIT_LOC_STRINGS = NO;
				SWIFT_VERSION = 5.0;
				TARGETED_DEVICE_FAMILY = "1,2";
				TEST_TARGET_NAME = travelbuddy;
			};
			name = Release;
		};
/* End XCBuildConfiguration section */

/* Begin XCConfigurationList section */
		DFA856C42CC94E3600269EE8 /* Build configuration list for PBXProject "travelbuddy" */ = {
			isa = XCConfigurationList;
			buildConfigurations = (
				DFA856F02CC94E3800269EE8 /* Debug */,
				DFA856F12CC94E3800269EE8 /* Release */,
			);
			defaultConfigurationIsVisible = 0;
			defaultConfigurationName = Release;
		};
		DFA856F22CC94E3800269EE8 /* Build configuration list for PBXNativeTarget "travelbuddy" */ = {
			isa = XCConfigurationList;
			buildConfigurations = (
				DFA856F32CC94E3800269EE8 /* Debug */,
				DFA856F42CC94E3800269EE8 /* Release */,
			);
			defaultConfigurationIsVisible = 0;
			defaultConfigurationName = Release;
		};
		DFA856F52CC94E3800269EE8 /* Build configuration list for PBXNativeTarget "travelbuddyTests" */ = {
			isa = XCConfigurationList;
			buildConfigurations = (
				DFA856F62CC94E3800269EE8 /* Debug */,
				DFA856F72CC94E3800269EE8 /* Release */,
			);
			defaultConfigurationIsVisible = 0;
			defaultConfigurationName = Release;
		};
		DFA856F82CC94E3800269EE8 /* Build configuration list for PBXNativeTarget "travelbuddyUITests" */ = {
			isa = XCConfigurationList;
			buildConfigurations = (
				DFA856F92CC94E3800269EE8 /* Debug */,
				DFA856FA2CC94E3800269EE8 /* Release */,
			);
			defaultConfigurationIsVisible = 0;
			defaultConfigurationName = Release;
		};
/* End XCConfigurationList section */
	};
	rootObject = DFA856C12CC94E3600269EE8 /* Project object */;
}
